
Microsoft Visual Studio Solution File, Format Version 12.00
# Visual Studio Version 17
VisualStudioVersion = 17.14.36429.23 d17.14
MinimumVisualStudioVersion = 10.0.40219.1
Project("{FAE04EC0-301F-11D3-BF4B-00C04F79EFBC}") = "RegisztracioTest", "RegisztracioTest\RegisztracioTest.csproj", "{3925366E-66DC-40EF-8118-FB32D9C01350}"
EndProject
Global
	GlobalSection(SolutionConfigurationPlatforms) = preSolution
		Debug|Any CPU = Debug|Any CPU
		Release|Any CPU = Release|Any CPU
	EndGlobalSection
	GlobalSection(ProjectConfigurationPlatforms) = postSolution
		{3925366E-66DC-40EF-8118-FB32D9C01350}.Debug|Any CPU.ActiveCfg = Debug|Any CPU
		{3925366E-66DC-40EF-8118-FB32D9C01350}.Debug|Any CPU.Build.0 = Debug|Any CPU
		{3925366E-66DC-40EF-8118-FB32D9C01350}.Release|Any CPU.ActiveCfg = Release|Any CPU
		{3925366E-66DC-40EF-8118-FB32D9C01350}.Release|Any CPU.Build.0 = Release|Any CPU
	EndGlobalSection
	GlobalSection(SolutionProperties) = preSolution
		HideSolutionNode = FALSE
	EndGlobalSection
	GlobalSection(ExtensibilityGlobals) = postSolution
		SolutionGuid = {DB0616E0-ED76-4DE2-B868-4B0AF0DF545F}
	EndGlobalSection
EndGlobal
